
Microsoft Visual Studio Solution File, Format Version 12.00
# Visual Studio Version 17
VisualStudioVersion = 17.11.35222.181
MinimumVisualStudioVersion = 10.0.40219.1
Project("{8BC9CEB8-8B4A-11D0-8D11-00A0C91BC942}") = "lab3", "lab3.vcxproj", "{1DA908AB-AB39-46C1-BF85-E3995A6088C6}"
EndProject
Project("{8BC9CEB8-8B4A-11D0-8D11-00A0C91BC942}") = "n2a", "..\n2a\n2a.vcxproj", "{85C5BC82-B7DD-4BE4-8399-DB3EE10E0313}"
EndProject
Project("{8BC9CEB8-8B4A-11D0-8D11-00A0C91BC942}") = "n3", "..\n3\n3.vcxproj", "{CCABE3A5-AF5B-44F4-9A5F-AFEDA828B0AD}"
EndProject
Project("{8BC9CEB8-8B4A-11D0-8D11-00A0C91BC942}") = "dz", "..\dz\dz.vcxproj", "{12BE55D5-95C2-4797-A86C-CE5CC0E650C7}"
EndProject
Project("{8BC9CEB8-8B4A-11D0-8D11-00A0C91BC942}") = "dz2", "..\dz2\dz2.vcxproj", "{F0963568-9A78-4CE6-95F0-4238302C2A64}"
EndProject
Project("{8BC9CEB8-8B4A-11D0-8D11-00A0C91BC942}") = "dz3", "..\dz3\dz3.vcxproj", "{0EFA78AE-7A3A-4C95-9F1E-24FAAB2EC9D9}"
EndProject
Project("{8BC9CEB8-8B4A-11D0-8D11-00A0C91BC942}") = "dz4", "..\dz4\dz4.vcxproj", "{19DB3D23-B2F7-40F6-B28D-6AD58EF669F0}"
EndProject
Project("{8BC9CEB8-8B4A-11D0-8D11-00A0C91BC942}") = "dz5", "..\dz5\dz5.vcxproj", "{C12ED68F-769E-471F-9785-65695D11E941}"
EndProject
Project("{8BC9CEB8-8B4A-11D0-8D11-00A0C91BC942}") = "dz6", "..\dz6\dz6.vcxproj", "{60096C7B-EF57-4089-98A4-9EB02FB3AB47}"
EndProject
Project("{8BC9CEB8-8B4A-11D0-8D11-00A0C91BC942}") = "dz7", "..\dz7\dz7.vcxproj", "{5F6B878C-27D4-444B-BDB2-F5E1D768E5E7}"
EndProject
Project("{8BC9CEB8-8B4A-11D0-8D11-00A0C91BC942}") = "dz8", "..\dz8\dz8.vcxproj", "{F3834554-2C9F-4434-B638-DFACD18B7CB1}"
EndProject
Project("{8BC9CEB8-8B4A-11D0-8D11-00A0C91BC942}") = "dz9", "..\dz9\dz9.vcxproj", "{CAB14DA6-90F7-41D1-A474-73DA38AD95AD}"
EndProject
Project("{8BC9CEB8-8B4A-11D0-8D11-00A0C91BC942}") = "dz10", "..\dz10\dz10.vcxproj", "{D334622E-23B4-40D9-A408-AA411DDCCF80}"
EndProject
Project("{8BC9CEB8-8B4A-11D0-8D11-00A0C91BC942}") = "dz11", "..\dz11\dz11.vcxproj", "{C7746CB6-F8ED-43E2-A5A4-D16D0ECBC045}"
EndProject
Project("{8BC9CEB8-8B4A-11D0-8D11-00A0C91BC942}") = "dz20", "..\dz20\dz20.vcxproj", "{3825A259-076B-460D-A47E-004997160608}"
EndProject
Global
	GlobalSection(SolutionConfigurationPlatforms) = preSolution
		Debug|x64 = Debug|x64
		Debug|x86 = Debug|x86
		Release|x64 = Release|x64
		Release|x86 = Release|x86
	EndGlobalSection
	GlobalSection(ProjectConfigurationPlatforms) = postSolution
		{1DA908AB-AB39-46C1-BF85-E3995A6088C6}.Debug|x64.ActiveCfg = Debug|x64
		{1DA908AB-AB39-46C1-BF85-E3995A6088C6}.Debug|x64.Build.0 = Debug|x64
		{1DA908AB-AB39-46C1-BF85-E3995A6088C6}.Debug|x86.ActiveCfg = Debug|Win32
		{1DA908AB-AB39-46C1-BF85-E3995A6088C6}.Debug|x86.Build.0 = Debug|Win32
		{1DA908AB-AB39-46C1-BF85-E3995A6088C6}.Release|x64.ActiveCfg = Release|x64
		{1DA908AB-AB39-46C1-BF85-E3995A6088C6}.Release|x64.Build.0 = Release|x64
		{1DA908AB-AB39-46C1-BF85-E3995A6088C6}.Release|x86.ActiveCfg = Release|Win32
		{1DA908AB-AB39-46C1-BF85-E3995A6088C6}.Release|x86.Build.0 = Release|Win32
		{85C5BC82-B7DD-4BE4-8399-DB3EE10E0313}.Debug|x64.ActiveCfg = Debug|x64
		{85C5BC82-B7DD-4BE4-8399-DB3EE10E0313}.Debug|x64.Build.0 = Debug|x64
		{85C5BC82-B7DD-4BE4-8399-DB3EE10E0313}.Debug|x86.ActiveCfg = Debug|Win32
		{85C5BC82-B7DD-4BE4-8399-DB3EE10E0313}.Debug|x86.Build.0 = Debug|Win32
		{85C5BC82-B7DD-4BE4-8399-DB3EE10E0313}.Release|x64.ActiveCfg = Release|x64
		{85C5BC82-B7DD-4BE4-8399-DB3EE10E0313}.Release|x64.Build.0 = Release|x64
		{85C5BC82-B7DD-4BE4-8399-DB3EE10E0313}.Release|x86.ActiveCfg = Release|Win32
		{85C5BC82-B7DD-4BE4-8399-DB3EE10E0313}.Release|x86.Build.0 = Release|Win32
		{CCABE3A5-AF5B-44F4-9A5F-AFEDA828B0AD}.Debug|x64.ActiveCfg = Debug|x64
		{CCABE3A5-AF5B-44F4-9A5F-AFEDA828B0AD}.Debug|x64.Build.0 = Debug|x64
		{CCABE3A5-AF5B-44F4-9A5F-AFEDA828B0AD}.Debug|x86.ActiveCfg = Debug|Win32
		{CCABE3A5-AF5B-44F4-9A5F-AFEDA828B0AD}.Debug|x86.Build.0 = Debug|Win32
		{CCABE3A5-AF5B-44F4-9A5F-AFEDA828B0AD}.Release|x64.ActiveCfg = Release|x64
		{CCABE3A5-AF5B-44F4-9A5F-AFEDA828B0AD}.Release|x64.Build.0 = Release|x64
		{CCABE3A5-AF5B-44F4-9A5F-AFEDA828B0AD}.Release|x86.ActiveCfg = Release|Win32
		{CCABE3A5-AF5B-44F4-9A5F-AFEDA828B0AD}.Release|x86.Build.0 = Release|Win32
		{12BE55D5-95C2-4797-A86C-CE5CC0E650C7}.Debug|x64.ActiveCfg = Debug|x64
		{12BE55D5-95C2-4797-A86C-CE5CC0E650C7}.Debug|x64.Build.0 = Debug|x64
		{12BE55D5-95C2-4797-A86C-CE5CC0E650C7}.Debug|x86.ActiveCfg = Debug|Win32
		{12BE55D5-95C2-4797-A86C-CE5CC0E650C7}.Debug|x86.Build.0 = Debug|Win32
		{12BE55D5-95C2-4797-A86C-CE5CC0E650C7}.Release|x64.ActiveCfg = Release|x64
		{12BE55D5-95C2-4797-A86C-CE5CC0E650C7}.Release|x64.Build.0 = Release|x64
		{12BE55D5-95C2-4797-A86C-CE5CC0E650C7}.Release|x86.ActiveCfg = Release|Win32
		{12BE55D5-95C2-4797-A86C-CE5CC0E650C7}.Release|x86.Build.0 = Release|Win32
		{F0963568-9A78-4CE6-95F0-4238302C2A64}.Debug|x64.ActiveCfg = Debug|x64
		{F0963568-9A78-4CE6-95F0-4238302C2A64}.Debug|x64.Build.0 = Debug|x64
		{F0963568-9A78-4CE6-95F0-4238302C2A64}.Debug|x86.ActiveCfg = Debug|Win32
		{F0963568-9A78-4CE6-95F0-4238302C2A64}.Debug|x86.Build.0 = Debug|Win32
		{F0963568-9A78-4CE6-95F0-4238302C2A64}.Release|x64.ActiveCfg = Release|x64
		{F0963568-9A78-4CE6-95F0-4238302C2A64}.Release|x64.Build.0 = Release|x64
		{F0963568-9A78-4CE6-95F0-4238302C2A64}.Release|x86.ActiveCfg = Release|Win32
		{F0963568-9A78-4CE6-95F0-4238302C2A64}.Release|x86.Build.0 = Release|Win32
		{0EFA78AE-7A3A-4C95-9F1E-24FAAB2EC9D9}.Debug|x64.ActiveCfg = Debug|x64
		{0EFA78AE-7A3A-4C95-9F1E-24FAAB2EC9D9}.Debug|x64.Build.0 = Debug|x64
		{0EFA78AE-7A3A-4C95-9F1E-24FAAB2EC9D9}.Debug|x86.ActiveCfg = Debug|Win32
		{0EFA78AE-7A3A-4C95-9F1E-24FAAB2EC9D9}.Debug|x86.Build.0 = Debug|Win32
		{0EFA78AE-7A3A-4C95-9F1E-24FAAB2EC9D9}.Release|x64.ActiveCfg = Release|x64
		{0EFA78AE-7A3A-4C95-9F1E-24FAAB2EC9D9}.Release|x64.Build.0 = Release|x64
		{0EFA78AE-7A3A-4C95-9F1E-24FAAB2EC9D9}.Release|x86.ActiveCfg = Release|Win32
		{0EFA78AE-7A3A-4C95-9F1E-24FAAB2EC9D9}.Release|x86.Build.0 = Release|Win32
		{19DB3D23-B2F7-40F6-B28D-6AD58EF669F0}.Debug|x64.ActiveCfg = Debug|x64
		{19DB3D23-B2F7-40F6-B28D-6AD58EF669F0}.Debug|x64.Build.0 = Debug|x64
		{19DB3D23-B2F7-40F6-B28D-6AD58EF669F0}.Debug|x86.ActiveCfg = Debug|Win32
		{19DB3D23-B2F7-40F6-B28D-6AD58EF669F0}.Debug|x86.Build.0 = Debug|Win32
		{19DB3D23-B2F7-40F6-B28D-6AD58EF669F0}.Release|x64.ActiveCfg = Release|x64
		{19DB3D23-B2F7-40F6-B28D-6AD58EF669F0}.Release|x64.Build.0 = Release|x64
		{19DB3D23-B2F7-40F6-B28D-6AD58EF669F0}.Release|x86.ActiveCfg = Release|Win32
		{19DB3D23-B2F7-40F6-B28D-6AD58EF669F0}.Release|x86.Build.0 = Release|Win32
		{C12ED68F-769E-471F-9785-65695D11E941}.Debug|x64.ActiveCfg = Debug|x64
		{C12ED68F-769E-471F-9785-65695D11E941}.Debug|x64.Build.0 = Debug|x64
		{C12ED68F-769E-471F-9785-65695D11E941}.Debug|x86.ActiveCfg = Debug|Win32
		{C12ED68F-769E-471F-9785-65695D11E941}.Debug|x86.Build.0 = Debug|Win32
		{C12ED68F-769E-471F-9785-65695D11E941}.Release|x64.ActiveCfg = Release|x64
		{C12ED68F-769E-471F-9785-65695D11E941}.Release|x64.Build.0 = Release|x64
		{C12ED68F-769E-471F-9785-65695D11E941}.Release|x86.ActiveCfg = Release|Win32
		{C12ED68F-769E-471F-9785-65695D11E941}.Release|x86.Build.0 = Release|Win32
		{60096C7B-EF57-4089-98A4-9EB02FB3AB47}.Debug|x64.ActiveCfg = Debug|x64
		{60096C7B-EF57-4089-98A4-9EB02FB3AB47}.Debug|x64.Build.0 = Debug|x64
		{60096C7B-EF57-4089-98A4-9EB02FB3AB47}.Debug|x86.ActiveCfg = Debug|Win32
		{60096C7B-EF57-4089-98A4-9EB02FB3AB47}.Debug|x86.Build.0 = Debug|Win32
		{60096C7B-EF57-4089-98A4-9EB02FB3AB47}.Release|x64.ActiveCfg = Release|x64
		{60096C7B-EF57-4089-98A4-9EB02FB3AB47}.Release|x64.Build.0 = Release|x64
		{60096C7B-EF57-4089-98A4-9EB02FB3AB47}.Release|x86.ActiveCfg = Release|Win32
		{60096C7B-EF57-4089-98A4-9EB02FB3AB47}.Release|x86.Build.0 = Release|Win32
		{5F6B878C-27D4-444B-BDB2-F5E1D768E5E7}.Debug|x64.ActiveCfg = Debug|x64
		{5F6B878C-27D4-444B-BDB2-F5E1D768E5E7}.Debug|x64.Build.0 = Debug|x64
		{5F6B878C-27D4-444B-BDB2-F5E1D768E5E7}.Debug|x86.ActiveCfg = Debug|Win32
		{5F6B878C-27D4-444B-BDB2-F5E1D768E5E7}.Debug|x86.Build.0 = Debug|Win32
		{5F6B878C-27D4-444B-BDB2-F5E1D768E5E7}.Release|x64.ActiveCfg = Release|x64
		{5F6B878C-27D4-444B-BDB2-F5E1D768E5E7}.Release|x64.Build.0 = Release|x64
		{5F6B878C-27D4-444B-BDB2-F5E1D768E5E7}.Release|x86.ActiveCfg = Release|Win32
		{5F6B878C-27D4-444B-BDB2-F5E1D768E5E7}.Release|x86.Build.0 = Release|Win32
		{F3834554-2C9F-4434-B638-DFACD18B7CB1}.Debug|x64.ActiveCfg = Debug|x64
		{F3834554-2C9F-4434-B638-DFACD18B7CB1}.Debug|x64.Build.0 = Debug|x64
		{F3834554-2C9F-4434-B638-DFACD18B7CB1}.Debug|x86.ActiveCfg = Debug|Win32
		{F3834554-2C9F-4434-B638-DFACD18B7CB1}.Debug|x86.Build.0 = Debug|Win32
		{F3834554-2C9F-4434-B638-DFACD18B7CB1}.Release|x64.ActiveCfg = Release|x64
		{F3834554-2C9F-4434-B638-DFACD18B7CB1}.Release|x64.Build.0 = Release|x64
		{F3834554-2C9F-4434-B638-DFACD18B7CB1}.Release|x86.ActiveCfg = Release|Win32
		{F3834554-2C9F-4434-B638-DFACD18B7CB1}.Release|x86.Build.0 = Release|Win32
		{CAB14DA6-90F7-41D1-A474-73DA38AD95AD}.Debug|x64.ActiveCfg = Debug|x64
		{CAB14DA6-90F7-41D1-A474-73DA38AD95AD}.Debug|x64.Build.0 = Debug|x64
		{CAB14DA6-90F7-41D1-A474-73DA38AD95AD}.Debug|x86.ActiveCfg = Debug|Win32
		{CAB14DA6-90F7-41D1-A474-73DA38AD95AD}.Debug|x86.Build.0 = Debug|Win32
		{CAB14DA6-90F7-41D1-A474-73DA38AD95AD}.Release|x64.ActiveCfg = Release|x64
		{CAB14DA6-90F7-41D1-A474-73DA38AD95AD}.Release|x64.Build.0 = Release|x64
		{CAB14DA6-90F7-41D1-A474-73DA38AD95AD}.Release|x86.ActiveCfg = Release|Win32
		{CAB14DA6-90F7-41D1-A474-73DA38AD95AD}.Release|x86.Build.0 = Release|Win32
		{D334622E-23B4-40D9-A408-AA411DDCCF80}.Debug|x64.ActiveCfg = Debug|x64
		{D334622E-23B4-40D9-A408-AA411DDCCF80}.Debug|x64.Build.0 = Debug|x64
		{D334622E-23B4-40D9-A408-AA411DDCCF80}.Debug|x86.ActiveCfg = Debug|Win32
		{D334622E-23B4-40D9-A408-AA411DDCCF80}.Debug|x86.Build.0 = Debug|Win32
		{D334622E-23B4-40D9-A408-AA411DDCCF80}.Release|x64.ActiveCfg = Release|x64
		{D334622E-23B4-40D9-A408-AA411DDCCF80}.Release|x64.Build.0 = Release|x64
		{D334622E-23B4-40D9-A408-AA411DDCCF80}.Release|x86.ActiveCfg = Release|Win32
		{D334622E-23B4-40D9-A408-AA411DDCCF80}.Release|x86.Build.0 = Release|Win32
		{C7746CB6-F8ED-43E2-A5A4-D16D0ECBC045}.Debug|x64.ActiveCfg = Debug|x64
		{C7746CB6-F8ED-43E2-A5A4-D16D0ECBC045}.Debug|x64.Build.0 = Debug|x64
		{C7746CB6-F8ED-43E2-A5A4-D16D0ECBC045}.Debug|x86.ActiveCfg = Debug|Win32
		{C7746CB6-F8ED-43E2-A5A4-D16D0ECBC045}.Debug|x86.Build.0 = Debug|Win32
		{C7746CB6-F8ED-43E2-A5A4-D16D0ECBC045}.Release|x64.ActiveCfg = Release|x64
		{C7746CB6-F8ED-43E2-A5A4-D16D0ECBC045}.Release|x64.Build.0 = Release|x64
		{C7746CB6-F8ED-43E2-A5A4-D16D0ECBC045}.Release|x86.ActiveCfg = Release|Win32
		{C7746CB6-F8ED-43E2-A5A4-D16D0ECBC045}.Release|x86.Build.0 = Release|Win32
		{3825A259-076B-460D-A47E-004997160608}.Debug|x64.ActiveCfg = Debug|x64
		{3825A259-076B-460D-A47E-004997160608}.Debug|x64.Build.0 = Debug|x64
		{3825A259-076B-460D-A47E-004997160608}.Debug|x86.ActiveCfg = Debug|Win32
		{3825A259-076B-460D-A47E-004997160608}.Debug|x86.Build.0 = Debug|Win32
		{3825A259-076B-460D-A47E-004997160608}.Release|x64.ActiveCfg = Release|x64
		{3825A259-076B-460D-A47E-004997160608}.Release|x64.Build.0 = Release|x64
		{3825A259-076B-460D-A47E-004997160608}.Release|x86.ActiveCfg = Release|Win32
		{3825A259-076B-460D-A47E-004997160608}.Release|x86.Build.0 = Release|Win32
	EndGlobalSection
	GlobalSection(SolutionProperties) = preSolution
		HideSolutionNode = FALSE
	EndGlobalSection
	GlobalSection(ExtensibilityGlobals) = postSolution
		SolutionGuid = {B916F729-EA62-4679-B5AE-764C710B3E51}
	EndGlobalSection
EndGlobal
